
Microsoft Visual Studio Solution File, Format Version 12.00
# Visual Studio Version 17
VisualStudioVersion = 17.13.35828.75
MinimumVisualStudioVersion = 10.0.40219.1
Project("{FAE04EC0-301F-11D3-BF4B-00C04F79EFBC}") = "Studio.Core", "Studio.Core\Studio.Core.csproj", "{1A7821C0-981E-48D9-A8B7-920B85B25D1B}"
EndProject
Project("{FAE04EC0-301F-11D3-BF4B-00C04F79EFBC}") = "Studio.Infrastructure", "Studio.Infrastructure\Studio.Infrastructure.csproj", "{4C143B7D-BE75-4F04-909C-9BCCCDD8E16C}"
EndProject
Project("{FAE04EC0-301F-11D3-BF4B-00C04F79EFBC}") = "Studio.Api", "Studio.Api\Studio.Api.csproj", "{61F272CC-DE49-4D63-AABF-FFA884D8CA93}"
EndProject
Global
	GlobalSection(SolutionConfigurationPlatforms) = preSolution
		Debug|Any CPU = Debug|Any CPU
		Release|Any CPU = Release|Any CPU
	EndGlobalSection
	GlobalSection(ProjectConfigurationPlatforms) = postSolution
		{1A7821C0-981E-48D9-A8B7-920B85B25D1B}.Debug|Any CPU.ActiveCfg = Debug|Any CPU
		{1A7821C0-981E-48D9-A8B7-920B85B25D1B}.Debug|Any CPU.Build.0 = Debug|Any CPU
		{1A7821C0-981E-48D9-A8B7-920B85B25D1B}.Release|Any CPU.ActiveCfg = Release|Any CPU
		{1A7821C0-981E-48D9-A8B7-920B85B25D1B}.Release|Any CPU.Build.0 = Release|Any CPU
		{4C143B7D-BE75-4F04-909C-9BCCCDD8E16C}.Debug|Any CPU.ActiveCfg = Debug|Any CPU
		{4C143B7D-BE75-4F04-909C-9BCCCDD8E16C}.Debug|Any CPU.Build.0 = Debug|Any CPU
		{4C143B7D-BE75-4F04-909C-9BCCCDD8E16C}.Release|Any CPU.ActiveCfg = Release|Any CPU
		{4C143B7D-BE75-4F04-909C-9BCCCDD8E16C}.Release|Any CPU.Build.0 = Release|Any CPU
		{61F272CC-DE49-4D63-AABF-FFA884D8CA93}.Debug|Any CPU.ActiveCfg = Debug|Any CPU
		{61F272CC-DE49-4D63-AABF-FFA884D8CA93}.Debug|Any CPU.Build.0 = Debug|Any CPU
		{61F272CC-DE49-4D63-AABF-FFA884D8CA93}.Release|Any CPU.ActiveCfg = Release|Any CPU
		{61F272CC-DE49-4D63-AABF-FFA884D8CA93}.Release|Any CPU.Build.0 = Release|Any CPU
	EndGlobalSection
	GlobalSection(SolutionProperties) = preSolution
		HideSolutionNode = FALSE
	EndGlobalSection
	GlobalSection(ExtensibilityGlobals) = postSolution
		SolutionGuid = {7018B7B3-8FDC-4226-ACDE-15863FCF5C9A}
	EndGlobalSection
EndGlobal
